
Microsoft Visual Studio Solution File, Format Version 12.00
# Visual Studio Version 16
VisualStudioVersion = 16.0.30503.244
MinimumVisualStudioVersion = 10.0.40219.1
Project("{FAE04EC0-301F-11D3-BF4B-00C04F79EFBC}") = "StacksAndQueues", "StacksAndQueues.csproj", "{CBB19624-BBF8-41F3-B4CB-592457FE1637}"
EndProject
Global
	GlobalSection(SolutionConfigurationPlatforms) = preSolution
		Debug|Any CPU = Debug|Any CPU
		Release|Any CPU = Release|Any CPU
	EndGlobalSection
	GlobalSection(ProjectConfigurationPlatforms) = postSolution
		{CBB19624-BBF8-41F3-B4CB-592457FE1637}.Debug|Any CPU.ActiveCfg = Debug|Any CPU
		{CBB19624-BBF8-41F3-B4CB-592457FE1637}.Debug|Any CPU.Build.0 = Debug|Any CPU
		{CBB19624-BBF8-41F3-B4CB-592457FE1637}.Release|Any CPU.ActiveCfg = Release|Any CPU
		{CBB19624-BBF8-41F3-B4CB-592457FE1637}.Release|Any CPU.Build.0 = Release|Any CPU
	EndGlobalSection
	GlobalSection(SolutionProperties) = preSolution
		HideSolutionNode = FALSE
	EndGlobalSection
	GlobalSection(ExtensibilityGlobals) = postSolution
		SolutionGuid = {B11BD369-40AF-4261-8DAD-1E8086837161}
	EndGlobalSection
EndGlobal
